
Microsoft Visual Studio Solution File, Format Version 12.00
# Visual Studio Version 16
VisualStudioVersion = 16.0.30621.155
MinimumVisualStudioVersion = 10.0.40219.1
Project("{8BC9CEB8-8B4A-11D0-8D11-00A0C91BC942}") = "Sandbox", "Sandbox\Sandbox.vcxproj", "{5711F157-247A-46C7-8494-F802EE397187}"
EndProject
Project("{8BC9CEB8-8B4A-11D0-8D11-00A0C91BC942}") = "Vessel", "Vessel\Vessel.vcxproj", "{5D989351-475C-4AFA-9688-D4F874A78B4B}"
EndProject
Global
	GlobalSection(SolutionConfigurationPlatforms) = preSolution
		Debug|x64 = Debug|x64
		Release|x64 = Release|x64
	EndGlobalSection
	GlobalSection(ProjectConfigurationPlatforms) = postSolution
		{5D989351-475C-4AFA-9688-D4F874A78B4B}.Debug|x64.ActiveCfg = Debug|x64
		{5D989351-475C-4AFA-9688-D4F874A78B4B}.Debug|x64.Build.0 = Debug|x64
		{5D989351-475C-4AFA-9688-D4F874A78B4B}.Release|x64.ActiveCfg = Release|x64
		{5D989351-475C-4AFA-9688-D4F874A78B4B}.Release|x64.Build.0 = Release|x64
		{5711F157-247A-46C7-8494-F802EE397187}.Debug|x64.ActiveCfg = Debug|x64
		{5711F157-247A-46C7-8494-F802EE397187}.Debug|x64.Build.0 = Debug|x64
		{5711F157-247A-46C7-8494-F802EE397187}.Release|x64.ActiveCfg = Release|x64
		{5711F157-247A-46C7-8494-F802EE397187}.Release|x64.Build.0 = Release|x64
	EndGlobalSection
	GlobalSection(SolutionProperties) = preSolution
		HideSolutionNode = FALSE
	EndGlobalSection
	GlobalSection(ExtensibilityGlobals) = postSolution
		SolutionGuid = {AD39C28D-D27A-4540-9537-B261228F6237}
	EndGlobalSection
EndGlobal
