<?xml version="1.0" encoding="utf-8"?>
<Project ToolsVersion="4.0" xmlns="http://schemas.microsoft.com/developer/msbuild/2003">
  <ItemGroup>
    <Filter Include="Platform">
      <UniqueIdentifier>{2AC788B4-1694-E3BF-3FAD-D1672BD9184E}</UniqueIdentifier>
    </Filter>
    <Filter Include="Platform\OpenGL">
      <UniqueIdentifier>{1E7D2C1D-8A08-9AE1-9319-1DD6FF23F6E1}</UniqueIdentifier>
    </Filter>
    <Filter Include="Platform\Windows">
      <UniqueIdentifier>{64FBD71A-50F4-F66C-7926-DCF1657ED678}</UniqueIdentifier>
    </Filter>
    <Filter Include="Vessel">
      <UniqueIdentifier>{F75BDFD7-E3FD-09AE-CCB8-1D02B8F990FE}</UniqueIdentifier>
    </Filter>
    <Filter Include="Vessel\Events">
      <UniqueIdentifier>{FB0BA58C-67CC-20C3-3007-6A409C86659F}</UniqueIdentifier>
    </Filter>
    <Filter Include="Vessel\ImGui">
      <UniqueIdentifier>{61AE30AF-4D11-C053-F696-F809E2D88BD6}</UniqueIdentifier>
    </Filter>
  </ItemGroup>
  <ItemGroup>
    <ClInclude Include="src\Platform\OpenGL\ImGuiOpenGLRenderer.h">
      <Filter>Platform\OpenGL</Filter>
    </ClInclude>
    <ClInclude Include="src\Platform\Windows\WindowsWindow.h">
      <Filter>Platform\Windows</Filter>
    </ClInclude>
    <ClInclude Include="src\Vessel.h" />
    <ClInclude Include="src\Vessel\Application.h">
      <Filter>Vessel</Filter>
    </ClInclude>
    <ClInclude Include="src\Vessel\Core.h">
      <Filter>Vessel</Filter>
    </ClInclude>
    <ClInclude Include="src\Vessel\EntryPoint.h">
      <Filter>Vessel</Filter>
    </ClInclude>
    <ClInclude Include="src\Vessel\Events\ApplicationEvent.h">
      <Filter>Vessel\Events</Filter>
    </ClInclude>
    <ClInclude Include="src\Vessel\Events\Event.h">
      <Filter>Vessel\Events</Filter>
    </ClInclude>
    <ClInclude Include="src\Vessel\Events\KeyEvent.h">
      <Filter>Vessel\Events</Filter>
    </ClInclude>
    <ClInclude Include="src\Vessel\Events\MouseEvent.h">
      <Filter>Vessel\Events</Filter>
    </ClInclude>
    <ClInclude Include="src\Vessel\ImGui\ImGuiLayer.h">
      <Filter>Vessel\ImGui</Filter>
    </ClInclude>
    <ClInclude Include="src\Vessel\Layer.h">
      <Filter>Vessel</Filter>
    </ClInclude>
    <ClInclude Include="src\Vessel\LayerStack.h">
      <Filter>Vessel</Filter>
    </ClInclude>
    <ClInclude Include="src\Vessel\Log.h">
      <Filter>Vessel</Filter>
    </ClInclude>
    <ClInclude Include="src\Vessel\Window.h">
      <Filter>Vessel</Filter>
    </ClInclude>
    <ClInclude Include="src\vsslpch.h" />
    <ClInclude Include="src\Vessel\Input.h" />
    <ClInclude Include="src\Platform\Windows\WindowsInput.h" />
    <ClInclude Include="src\Vessel\KeyCodes.h" />
    <ClInclude Include="src\Vessel\MouseButtonCodes.h" />
  </ItemGroup>
  <ItemGroup>
    <ClCompile Include="src\Platform\OpenGL\ImGuiOpenGLRenderer.cpp">
      <Filter>Platform\OpenGL</Filter>
    </ClCompile>
    <ClCompile Include="src\Platform\Windows\WindowsWindow.cpp">
      <Filter>Platform\Windows</Filter>
    </ClCompile>
    <ClCompile Include="src\Vessel\Application.cpp">
      <Filter>Vessel</Filter>
    </ClCompile>
    <ClCompile Include="src\Vessel\ImGui\ImGuiLayer.cpp">
      <Filter>Vessel\ImGui</Filter>
    </ClCompile>
    <ClCompile Include="src\Vessel\Layer.cpp">
      <Filter>Vessel</Filter>
    </ClCompile>
    <ClCompile Include="src\Vessel\LayerStack.cpp">
      <Filter>Vessel</Filter>
    </ClCompile>
    <ClCompile Include="src\Vessel\Log.cpp">
      <Filter>Vessel</Filter>
    </ClCompile>
    <ClCompile Include="src\vsslpch.cpp" />
    <ClCompile Include="src\Platform\Windows\WindowsInput.cpp" />
  </ItemGroup>
</Project>