<?xml version="1.0" encoding="utf-8"?>
<Project ToolsVersion="4.0" xmlns="http://schemas.microsoft.com/developer/msbuild/2003">
  <ItemGroup>
    <Filter Include="Platform">
      <UniqueIdentifier>{2AC788B4-1694-E3BF-3FAD-D1672BD9184E}</UniqueIdentifier>
    </Filter>
    <Filter Include="Platform\Windows">
      <UniqueIdentifier>{64FBD71A-50F4-F66C-7926-DCF1657ED678}</UniqueIdentifier>
    </Filter>
    <Filter Include="Vessel">
      <UniqueIdentifier>{F75BDFD7-E3FD-09AE-CCB8-1D02B8F990FE}</UniqueIdentifier>
    </Filter>
    <Filter Include="Vessel\Events">
      <UniqueIdentifier>{FB0BA58C-67CC-20C3-3007-6A409C86659F}</UniqueIdentifier>
    </Filter>
    <Filter Include="Vessel\ImGui">
      <UniqueIdentifier>{61AE30AF-4D11-C053-F696-F809E2D88BD6}</UniqueIdentifier>
    </Filter>
  </ItemGroup>
  <ItemGroup>
    <ClInclude Include="src\Platform\Windows\WindowsInput.h">
      <Filter>Platform\Windows</Filter>
    </ClInclude>
    <ClInclude Include="src\Platform\Windows\WindowsWindow.h">
      <Filter>Platform\Windows</Filter>
    </ClInclude>
    <ClInclude Include="src\Vessel.h" />
    <ClInclude Include="src\Vessel\Application.h">
      <Filter>Vessel</Filter>
    </ClInclude>
    <ClInclude Include="src\Vessel\Core.h">
      <Filter>Vessel</Filter>
    </ClInclude>
    <ClInclude Include="src\Vessel\EntryPoint.h">
      <Filter>Vessel</Filter>
    </ClInclude>
    <ClInclude Include="src\Vessel\Events\ApplicationEvent.h">
      <Filter>Vessel\Events</Filter>
    </ClInclude>
    <ClInclude Include="src\Vessel\Events\Event.h">
      <Filter>Vessel\Events</Filter>
    </ClInclude>
    <ClInclude Include="src\Vessel\Events\KeyEvent.h">
      <Filter>Vessel\Events</Filter>
    </ClInclude>
    <ClInclude Include="src\Vessel\Events\MouseEvent.h">
      <Filter>Vessel\Events</Filter>
    </ClInclude>
    <ClInclude Include="src\Vessel\ImGui\ImGuiLayer.h">
      <Filter>Vessel\ImGui</Filter>
    </ClInclude>
    <ClInclude Include="src\Vessel\Input.h">
      <Filter>Vessel</Filter>
    </ClInclude>
    <ClInclude Include="src\Vessel\KeyCodes.h">
      <Filter>Vessel</Filter>
    </ClInclude>
    <ClInclude Include="src\Vessel\Layer.h">
      <Filter>Vessel</Filter>
    </ClInclude>
    <ClInclude Include="src\Vessel\LayerStack.h">
      <Filter>Vessel</Filter>
    </ClInclude>
    <ClInclude Include="src\Vessel\Log.h">
      <Filter>Vessel</Filter>
    </ClInclude>
    <ClInclude Include="src\Vessel\MouseButtonCodes.h">
      <Filter>Vessel</Filter>
    </ClInclude>
    <ClInclude Include="src\Vessel\Window.h">
      <Filter>Vessel</Filter>
    </ClInclude>
    <ClInclude Include="src\vsslpch.h" />
    <ClInclude Include="src\Vessel\Renderer\GraphicsContext.h" />
    <ClInclude Include="src\Platform\OpenGL\OpenGLContext.h" />
    <ClInclude Include="src\Vessel\Renderer\Shader.h" />
    <ClInclude Include="src\Vessel\Renderer\Buffer.h" />
    <ClInclude Include="src\Platform\OpenGL\OpenGLBuffer.h" />
    <ClInclude Include="src\Vessel\Renderer\Renderer.h" />
    <ClInclude Include="src\Vessel\Renderer\VertexArray.h" />
    <ClInclude Include="src\Platform\OpenGL\OpenGLVertexArray.h" />
    <ClInclude Include="src\Vessel\Renderer\RendererAPI.h" />
    <ClInclude Include="src\Vessel\Renderer\RenderCommand.h" />
    <ClInclude Include="src\Platform\OpenGL\OpenGLRendererAPI.h" />
    <ClInclude Include="src\Vessel\Renderer\OrthographicCamera.h" />
  </ItemGroup>
  <ItemGroup>
    <ClCompile Include="src\Platform\Windows\WindowsInput.cpp">
      <Filter>Platform\Windows</Filter>
    </ClCompile>
    <ClCompile Include="src\Platform\Windows\WindowsWindow.cpp">
      <Filter>Platform\Windows</Filter>
    </ClCompile>
    <ClCompile Include="src\Vessel\Application.cpp">
      <Filter>Vessel</Filter>
    </ClCompile>
    <ClCompile Include="src\Vessel\ImGui\ImGuiBuild.cpp">
      <Filter>Vessel\ImGui</Filter>
    </ClCompile>
    <ClCompile Include="src\Vessel\ImGui\ImGuiLayer.cpp">
      <Filter>Vessel\ImGui</Filter>
    </ClCompile>
    <ClCompile Include="src\Vessel\Layer.cpp">
      <Filter>Vessel</Filter>
    </ClCompile>
    <ClCompile Include="src\Vessel\LayerStack.cpp">
      <Filter>Vessel</Filter>
    </ClCompile>
    <ClCompile Include="src\Vessel\Log.cpp">
      <Filter>Vessel</Filter>
    </ClCompile>
    <ClCompile Include="src\vsslpch.cpp" />
    <ClCompile Include="src\Platform\OpenGL\OpenGLContext.cpp" />
    <ClCompile Include="src\Vessel\Renderer\Shader.cpp" />
    <ClCompile Include="src\Vessel\Renderer\Buffer.cpp" />
    <ClCompile Include="src\Platform\OpenGL\OpenGLBuffer.cpp" />
    <ClCompile Include="src\Vessel\Renderer\Renderer.cpp" />
    <ClCompile Include="src\Vessel\Renderer\VertexArray.cpp" />
    <ClCompile Include="src\Platform\OpenGL\OpenGLVertexArray.cpp" />
    <ClCompile Include="src\Vessel\Renderer\RendererAPI.cpp" />
    <ClCompile Include="src\Vessel\Renderer\RenderCommand.cpp" />
    <ClCompile Include="src\Platform\OpenGL\OpenGLRendererAPI.cpp" />
    <ClCompile Include="src\Vessel\Renderer\OrthographicCamera.cpp" />
  </ItemGroup>
</Project>